// !$*UTF8*$!
{
	archiveVersion = 1;
	classes = {
	};
	objectVersion = 46;
	objects = {

/* Begin PBXBuildFile section */
		04B770DE1DF97BB40008E536 /* main.m in Sources */ = {isa = PBXBuildFile; fileRef = 04B770DD1DF97BB40008E536 /* main.m */; };
		04B770E11DF97BB40008E536 /* AppDelegate.m in Sources */ = {isa = PBXBuildFile; fileRef = 04B770E01DF97BB40008E536 /* AppDelegate.m */; };
		04B770E41DF97BB40008E536 /* ViewController.m in Sources */ = {isa = PBXBuildFile; fileRef = 04B770E31DF97BB40008E536 /* ViewController.m */; };
		04B770E71DF97BB40008E536 /* Main.storyboard in Resources */ = {isa = PBXBuildFile; fileRef = 04B770E51DF97BB40008E536 /* Main.storyboard */; };
		04B770EA1DF97BB40008E536 /* sample2.xcdatamodeld in Sources */ = {isa = PBXBuildFile; fileRef = 04B770E81DF97BB40008E536 /* sample2.xcdatamodeld */; };
		04B770EC1DF97BB40008E536 /* Assets.xcassets in Resources */ = {isa = PBXBuildFile; fileRef = 04B770EB1DF97BB40008E536 /* Assets.xcassets */; };
		04B770EF1DF97BB40008E536 /* LaunchScreen.storyboard in Resources */ = {isa = PBXBuildFile; fileRef = 04B770ED1DF97BB40008E536 /* LaunchScreen.storyboard */; };
		04B770FA1DF97BB40008E536 /* sample2Tests.m in Sources */ = {isa = PBXBuildFile; fileRef = 04B770F91DF97BB40008E536 /* sample2Tests.m */; };
		04B771051DF97BB40008E536 /* sample2UITests.m in Sources */ = {isa = PBXBuildFile; fileRef = 04B771041DF97BB40008E536 /* sample2UITests.m */; };
/* End PBXBuildFile section */

/* Begin PBXContainerItemProxy section */
		04B770F61DF97BB40008E536 /* PBXContainerItemProxy */ = {
			isa = PBXContainerItemProxy;
			containerPortal = 04B770D11DF97BB40008E536 /* Project object */;
			proxyType = 1;
			remoteGlobalIDString = 04B770D81DF97BB40008E536;
			remoteInfo = sample2;
		};
		04B771011DF97BB40008E536 /* PBXContainerItemProxy */ = {
			isa = PBXContainerItemProxy;
			containerPortal = 04B770D11DF97BB40008E536 /* Project object */;
			proxyType = 1;
			remoteGlobalIDString = 04B770D81DF97BB40008E536;
			remoteInfo = sample2;
		};
/* End PBXContainerItemProxy section */

/* Begin PBXFileReference section */
		04B770D91DF97BB40008E536 /* sample2.app */ = {isa = PBXFileReference; explicitFileType = wrapper.application; includeInIndex = 0; path = sample2.app; sourceTree = BUILT_PRODUCTS_DIR; };
		04B770DD1DF97BB40008E536 /* main.m */ = {isa = PBXFileReference; lastKnownFileType = sourcecode.c.objc; path = main.m; sourceTree = "<group>"; };
		04B770DF1DF97BB40008E536 /* AppDelegate.h */ = {isa = PBXFileReference; lastKnownFileType = sourcecode.c.h; path = AppDelegate.h; sourceTree = "<group>"; };
		04B770E01DF97BB40008E536 /* AppDelegate.m */ = {isa = PBXFileReference; lastKnownFileType = sourcecode.c.objc; path = AppDelegate.m; sourceTree = "<group>"; };
		04B770E21DF97BB40008E536 /* ViewController.h */ = {isa = PBXFileReference; lastKnownFileType = sourcecode.c.h; path = ViewController.h; sourceTree = "<group>"; };
		04B770E31DF97BB40008E536 /* ViewController.m */ = {isa = PBXFileReference; lastKnownFileType = sourcecode.c.objc; path = ViewController.m; sourceTree = "<group>"; };
		04B770E61DF97BB40008E536 /* Base */ = {isa = PBXFileReference; lastKnownFileType = file.storyboard; name = Base; path = Base.lproj/Main.storyboard; sourceTree = "<group>"; };
		04B770E91DF97BB40008E536 /* sample2.xcdatamodel */ = {isa = PBXFileReference; lastKnownFileType = wrapper.xcdatamodel; path = sample2.xcdatamodel; sourceTree = "<group>"; };
		04B770EB1DF97BB40008E536 /* Assets.xcassets */ = {isa = PBXFileReference; lastKnownFileType = folder.assetcatalog; path = Assets.xcassets; sourceTree = "<group>"; };
		04B770EE1DF97BB40008E536 /* Base */ = {isa = PBXFileReference; lastKnownFileType = file.storyboard; name = Base; path = Base.lproj/LaunchScreen.storyboard; sourceTree = "<group>"; };
		04B770F01DF97BB40008E536 /* Info.plist */ = {isa = PBXFileReference; lastKnownFileType = text.plist.xml; path = Info.plist; sourceTree = "<group>"; };
		04B770F51DF97BB40008E536 /* sample2Tests.xctest */ = {isa = PBXFileReference; explicitFileType = wrapper.cfbundle; includeInIndex = 0; path = sample2Tests.xctest; sourceTree = BUILT_PRODUCTS_DIR; };
		04B770F91DF97BB40008E536 /* sample2Tests.m */ = {isa = PBXFileReference; lastKnownFileType = sourcecode.c.objc; path = sample2Tests.m; sourceTree = "<group>"; };
		04B770FB1DF97BB40008E536 /* Info.plist */ = {isa = PBXFileReference; lastKnownFileType = text.plist.xml; path = Info.plist; sourceTree = "<group>"; };
		04B771001DF97BB40008E536 /* sample2UITests.xctest */ = {isa = PBXFileReference; explicitFileType = wrapper.cfbundle; includeInIndex = 0; path = sample2UITests.xctest; sourceTree = BUILT_PRODUCTS_DIR; };
		04B771041DF97BB40008E536 /* sample2UITests.m */ = {isa = PBXFileReference; lastKnownFileType = sourcecode.c.objc; path = sample2UITests.m; sourceTree = "<group>"; };
		04B771061DF97BB40008E536 /* Info.plist */ = {isa = PBXFileReference; lastKnownFileType = text.plist.xml; path = Info.plist; sourceTree = "<group>"; };
/* End PBXFileReference section */

/* Begin PBXFrameworksBuildPhase section */
		04B770D61DF97BB40008E536 /* Frameworks */ = {
			isa = PBXFrameworksBuildPhase;
			buildActionMask = 2147483647;
			files = (
			);
			runOnlyForDeploymentPostprocessing = 0;
		};
		04B770F21DF97BB40008E536 /* Frameworks */ = {
			isa = PBXFrameworksBuildPhase;
			buildActionMask = 2147483647;
			files = (
			);
			runOnlyForDeploymentPostprocessing = 0;
		};
		04B770FD1DF97BB40008E536 /* Frameworks */ = {
			isa = PBXFrameworksBuildPhase;
			buildActionMask = 2147483647;
			files = (
			);
			runOnlyForDeploymentPostprocessing = 0;
		};
/* End PBXFrameworksBuildPhase section */

/* Begin PBXGroup section */
		04B770D01DF97BB40008E536 = {
			isa = PBXGroup;
			children = (
				04B770DB1DF97BB40008E536 /* sample2 */,
				04B770F81DF97BB40008E536 /* sample2Tests */,
				04B771031DF97BB40008E536 /* sample2UITests */,
				04B770DA1DF97BB40008E536 /* Products */,
			);
			sourceTree = "<group>";
		};
		04B770DA1DF97BB40008E536 /* Products */ = {
			isa = PBXGroup;
			children = (
				04B770D91DF97BB40008E536 /* sample2.app */,
				04B770F51DF97BB40008E536 /* sample2Tests.xctest */,
				04B771001DF97BB40008E536 /* sample2UITests.xctest */,
			);
			name = Products;
			sourceTree = "<group>";
		};
		04B770DB1DF97BB40008E536 /* sample2 */ = {
			isa = PBXGroup;
			children = (
				04B770DF1DF97BB40008E536 /* AppDelegate.h */,
				04B770E01DF97BB40008E536 /* AppDelegate.m */,
				04B770E21DF97BB40008E536 /* ViewController.h */,
				04B770E31DF97BB40008E536 /* ViewController.m */,
				04B770E51DF97BB40008E536 /* Main.storyboard */,
				04B770EB1DF97BB40008E536 /* Assets.xcassets */,
				04B770ED1DF97BB40008E536 /* LaunchScreen.storyboard */,
				04B770F01DF97BB40008E536 /* Info.plist */,
				04B770E81DF97BB40008E536 /* sample2.xcdatamodeld */,
				04B770DC1DF97BB40008E536 /* Supporting Files */,
			);
			path = sample2;
			sourceTree = "<group>";
		};
		04B770DC1DF97BB40008E536 /* Supporting Files */ = {
			isa = PBXGroup;
			children = (
				04B770DD1DF97BB40008E536 /* main.m */,
			);
			name = "Supporting Files";
			sourceTree = "<group>";
		};
		04B770F81DF97BB40008E536 /* sample2Tests */ = {
			isa = PBXGroup;
			children = (
				04B770F91DF97BB40008E536 /* sample2Tests.m */,
				04B770FB1DF97BB40008E536 /* Info.plist */,
			);
			path = sample2Tests;
			sourceTree = "<group>";
		};
		04B771031DF97BB40008E536 /* sample2UITests */ = {
			isa = PBXGroup;
			children = (
				04B771041DF97BB40008E536 /* sample2UITests.m */,
				04B771061DF97BB40008E536 /* Info.plist */,
			);
			path = sample2UITests;
			sourceTree = "<group>";
		};
/* End PBXGroup section */

/* Begin PBXNativeTarget section */
		04B770D81DF97BB40008E536 /* sample2 */ = {
			isa = PBXNativeTarget;
			buildConfigurationList = 04B771091DF97BB40008E536 /* Build configuration list for PBXNativeTarget "sample2" */;
			buildPhases = (
				04B770D51DF97BB40008E536 /* Sources */,
				04B770D61DF97BB40008E536 /* Frameworks */,
				04B770D71DF97BB40008E536 /* Resources */,
			);
			buildRules = (
			);
			dependencies = (
			);
			name = sample2;
			productName = sample2;
			productReference = 04B770D91DF97BB40008E536 /* sample2.app */;
			productType = "com.apple.product-type.application";
		};
		04B770F41DF97BB40008E536 /* sample2Tests */ = {
			isa = PBXNativeTarget;
			buildConfigurationList = 04B7710C1DF97BB40008E536 /* Build configuration list for PBXNativeTarget "sample2Tests" */;
			buildPhases = (
				04B770F11DF97BB40008E536 /* Sources */,
				04B770F21DF97BB40008E536 /* Frameworks */,
				04B770F31DF97BB40008E536 /* Resources */,
			);
			buildRules = (
			);
			dependencies = (
				04B770F71DF97BB40008E536 /* PBXTargetDependency */,
			);
			name = sample2Tests;
			productName = sample2Tests;
			productReference = 04B770F51DF97BB40008E536 /* sample2Tests.xctest */;
			productType = "com.apple.product-type.bundle.unit-test";
		};
		04B770FF1DF97BB40008E536 /* sample2UITests */ = {
			isa = PBXNativeTarget;
			buildConfigurationList = 04B7710F1DF97BB40008E536 /* Build configuration list for PBXNativeTarget "sample2UITests" */;
			buildPhases = (
				04B770FC1DF97BB40008E536 /* Sources */,
				04B770FD1DF97BB40008E536 /* Frameworks */,
				04B770FE1DF97BB40008E536 /* Resources */,
			);
			buildRules = (
			);
			dependencies = (
				04B771021DF97BB40008E536 /* PBXTargetDependency */,
			);
			name = sample2UITests;
			productName = sample2UITests;
			productReference = 04B771001DF97BB40008E536 /* sample2UITests.xctest */;
			productType = "com.apple.product-type.bundle.ui-testing";
		};
/* End PBXNativeTarget section */

/* Begin PBXProject section */
		04B770D11DF97BB40008E536 /* Project object */ = {
			isa = PBXProject;
			attributes = {
				LastUpgradeCheck = 0730;
				ORGANIZATIONNAME = Machk;
				TargetAttributes = {
					04B770D81DF97BB40008E536 = {
						CreatedOnToolsVersion = 7.3.1;
					};
					04B770F41DF97BB40008E536 = {
						CreatedOnToolsVersion = 7.3.1;
						TestTargetID = 04B770D81DF97BB40008E536;
					};
					04B770FF1DF97BB40008E536 = {
						CreatedOnToolsVersion = 7.3.1;
						TestTargetID = 04B770D81DF97BB40008E536;
					};
				};
			};
			buildConfigurationList = 04B770D41DF97BB40008E536 /* Build configuration list for PBXProject "sample2" */;
			compatibilityVersion = "Xcode 3.2";
			developmentRegion = English;
			hasScannedForEncodings = 0;
			knownRegions = (
				en,
				Base,
			);
			mainGroup = 04B770D01DF97BB40008E536;
			productRefGroup = 04B770DA1DF97BB40008E536 /* Products */;
			projectDirPath = "";
			projectRoot = "";
			targets = (
				04B770D81DF97BB40008E536 /* sample2 */,
				04B770F41DF97BB40008E536 /* sample2Tests */,
				04B770FF1DF97BB40008E536 /* sample2UITests */,
			);
		};
/* End PBXProject section */

/* Begin PBXResourcesBuildPhase section */
		04B770D71DF97BB40008E536 /* Resources */ = {
			isa = PBXResourcesBuildPhase;
			buildActionMask = 2147483647;
			files = (
				04B770EF1DF97BB40008E536 /* LaunchScreen.storyboard in Resources */,
				04B770EC1DF97BB40008E536 /* Assets.xcassets in Resources */,
				04B770E71DF97BB40008E536 /* Main.storyboard in Resources */,
			);
			runOnlyForDeploymentPostprocessing = 0;
		};
		04B770F31DF97BB40008E536 /* Resources */ = {
			isa = PBXResourcesBuildPhase;
			buildActionMask = 2147483647;
			files = (
			);
			runOnlyForDeploymentPostprocessing = 0;
		};
		04B770FE1DF97BB40008E536 /* Resources */ = {
			isa = PBXResourcesBuildPhase;
			buildActionMask = 2147483647;
			files = (
			);
			runOnlyForDeploymentPostprocessing = 0;
		};
/* End PBXResourcesBuildPhase section */

/* Begin PBXSourcesBuildPhase section */
		04B770D51DF97BB40008E536 /* Sources */ = {
			isa = PBXSourcesBuildPhase;
			buildActionMask = 2147483647;
			files = (
				04B770EA1DF97BB40008E536 /* sample2.xcdatamodeld in Sources */,
				04B770E41DF97BB40008E536 /* ViewController.m in Sources */,
				04B770E11DF97BB40008E536 /* AppDelegate.m in Sources */,
				04B770DE1DF97BB40008E536 /* main.m in Sources */,
			);
			runOnlyForDeploymentPostprocessing = 0;
		};
		04B770F11DF97BB40008E536 /* Sources */ = {
			isa = PBXSourcesBuildPhase;
			buildActionMask = 2147483647;
			files = (
				04B770FA1DF97BB40008E536 /* sample2Tests.m in Sources */,
			);
			runOnlyForDeploymentPostprocessing = 0;
		};
		04B770FC1DF97BB40008E536 /* Sources */ = {
			isa = PBXSourcesBuildPhase;
			buildActionMask = 2147483647;
			files = (
				04B771051DF97BB40008E536 /* sample2UITests.m in Sources */,
			);
			runOnlyForDeploymentPostprocessing = 0;
		};
/* End PBXSourcesBuildPhase section */

/* Begin PBXTargetDependency section */
		04B770F71DF97BB40008E536 /* PBXTargetDependency */ = {
			isa = PBXTargetDependency;
			target = 04B770D81DF97BB40008E536 /* sample2 */;
			targetProxy = 04B770F61DF97BB40008E536 /* PBXContainerItemProxy */;
		};
		04B771021DF97BB40008E536 /* PBXTargetDependency */ = {
			isa = PBXTargetDependency;
			target = 04B770D81DF97BB40008E536 /* sample2 */;
			targetProxy = 04B771011DF97BB40008E536 /* PBXContainerItemProxy */;
		};
/* End PBXTargetDependency section */

/* Begin PBXVariantGroup section */
		04B770E51DF97BB40008E536 /* Main.storyboard */ = {
			isa = PBXVariantGroup;
			children = (
				04B770E61DF97BB40008E536 /* Base */,
			);
			name = Main.storyboard;
			sourceTree = "<group>";
		};
		04B770ED1DF97BB40008E536 /* LaunchScreen.storyboard */ = {
			isa = PBXVariantGroup;
			children = (
				04B770EE1DF97BB40008E536 /* Base */,
			);
			name = LaunchScreen.storyboard;
			sourceTree = "<group>";
		};
/* End PBXVariantGroup section */

/* Begin XCBuildConfiguration section */
		04B771071DF97BB40008E536 /* Debug */ = {
			isa = XCBuildConfiguration;
			buildSettings = {
				ALWAYS_SEARCH_USER_PATHS = NO;
				CLANG_ANALYZER_NONNULL = YES;
				CLANG_CXX_LANGUAGE_STANDARD = "gnu++0x";
				CLANG_CXX_LIBRARY = "libc++";
				CLANG_ENABLE_MODULES = YES;
				CLANG_ENABLE_OBJC_ARC = YES;
				CLANG_WARN_BOOL_CONVERSION = YES;
				CLANG_WARN_CONSTANT_CONVERSION = YES;
				CLANG_WARN_DIRECT_OBJC_ISA_USAGE = YES_ERROR;
				CLANG_WARN_EMPTY_BODY = YES;
				CLANG_WARN_ENUM_CONVERSION = YES;
				CLANG_WARN_INT_CONVERSION = YES;
				CLANG_WARN_OBJC_ROOT_CLASS = YES_ERROR;
				CLANG_WARN_UNREACHABLE_CODE = YES;
				CLANG_WARN__DUPLICATE_METHOD_MATCH = YES;
				"CODE_SIGN_IDENTITY[sdk=iphoneos*]" = "iPhone Developer";
				COPY_PHASE_STRIP = NO;
				DEBUG_INFORMATION_FORMAT = dwarf;
				ENABLE_STRICT_OBJC_MSGSEND = YES;
				ENABLE_TESTABILITY = YES;
				GCC_C_LANGUAGE_STANDARD = gnu99;
				GCC_DYNAMIC_NO_PIC = NO;
				GCC_NO_COMMON_BLOCKS = YES;
				GCC_OPTIMIZATION_LEVEL = 0;
				GCC_PREPROCESSOR_DEFINITIONS = (
					"DEBUG=1",
					"$(inherited)",
				);
				GCC_WARN_64_TO_32_BIT_CONVERSION = YES;
				GCC_WARN_ABOUT_RETURN_TYPE = YES_ERROR;
				GCC_WARN_UNDECLARED_SELECTOR = YES;
				GCC_WARN_UNINITIALIZED_AUTOS = YES_AGGRESSIVE;
				GCC_WARN_UNUSED_FUNCTION = YES;
				GCC_WARN_UNUSED_VARIABLE = YES;
				IPHONEOS_DEPLOYMENT_TARGET = 9.3;
				MTL_ENABLE_DEBUG_INFO = YES;
				ONLY_ACTIVE_ARCH = YES;
				SDKROOT = iphoneos;
				TARGETED_DEVICE_FAMILY = "1,2";
			};
			name = Debug;
		};
		04B771081DF97BB40008E536 /* Release */ = {
			isa = XCBuildConfiguration;
			buildSettings = {
				ALWAYS_SEARCH_USER_PATHS = NO;
				CLANG_ANALYZER_NONNULL = YES;
				CLANG_CXX_LANGUAGE_STANDARD = "gnu++0x";
				CLANG_CXX_LIBRARY = "libc++";
				CLANG_ENABLE_MODULES = YES;
				CLANG_ENABLE_OBJC_ARC = YES;
				CLANG_WARN_BOOL_CONVERSION = YES;
				CLANG_WARN_CONSTANT_CONVERSION = YES;
				CLANG_WARN_DIRECT_OBJC_ISA_USAGE = YES_ERROR;
				CLANG_WARN_EMPTY_BODY = YES;
				CLANG_WARN_ENUM_CONVERSION = YES;
				CLANG_WARN_INT_CONVERSION = YES;
				CLANG_WARN_OBJC_ROOT_CLASS = YES_ERROR;
				CLANG_WARN_UNREACHABLE_CODE = YES;
				CLANG_WARN__DUPLICATE_METHOD_MATCH = YES;
				"CODE_SIGN_IDENTITY[sdk=iphoneos*]" = "iPhone Developer";
				COPY_PHASE_STRIP = NO;
				DEBUG_INFORMATION_FORMAT = "dwarf-with-dsym";
				ENABLE_NS_ASSERTIONS = NO;
				ENABLE_STRICT_OBJC_MSGSEND = YES;
				GCC_C_LANGUAGE_STANDARD = gnu99;
				GCC_NO_COMMON_BLOCKS = YES;
				GCC_WARN_64_TO_32_BIT_CONVERSION = YES;
				GCC_WARN_ABOUT_RETURN_TYPE = YES_ERROR;
				GCC_WARN_UNDECLARED_SELECTOR = YES;
				GCC_WARN_UNINITIALIZED_AUTOS = YES_AGGRESSIVE;
				GCC_WARN_UNUSED_FUNCTION = YES;
				GCC_WARN_UNUSED_VARIABLE = YES;
				IPHONEOS_DEPLOYMENT_TARGET = 9.3;
				MTL_ENABLE_DEBUG_INFO = NO;
				SDKROOT = iphoneos;
				TARGETED_DEVICE_FAMILY = "1,2";
				VALIDATE_PRODUCT = YES;
			};
			name = Release;
		};
		04B7710A1DF97BB40008E536 /* Debug */ = {
			isa = XCBuildConfiguration;
			buildSettings = {
				ASSETCATALOG_COMPILER_APPICON_NAME = AppIcon;
				INFOPLIST_FILE = sample2/Info.plist;
				LD_RUNPATH_SEARCH_PATHS = "$(inherited) @executable_path/Frameworks";
				PRODUCT_BUNDLE_IDENTIFIER = xx.sample2;
				PRODUCT_NAME = "$(TARGET_NAME)";
			};
			name = Debug;
		};
		04B7710B1DF97BB40008E536 /* Release */ = {
			isa = XCBuildConfiguration;
			buildSettings = {
				ASSETCATALOG_COMPILER_APPICON_NAME = AppIcon;
				INFOPLIST_FILE = sample2/Info.plist;
				LD_RUNPATH_SEARCH_PATHS = "$(inherited) @executable_path/Frameworks";
				PRODUCT_BUNDLE_IDENTIFIER = xx.sample2;
				PRODUCT_NAME = "$(TARGET_NAME)";
			};
			name = Release;
		};
		04B7710D1DF97BB40008E536 /* Debug */ = {
			isa = XCBuildConfiguration;
			buildSettings = {
				BUNDLE_LOADER = "$(TEST_HOST)";
				INFOPLIST_FILE = sample2Tests/Info.plist;
				LD_RUNPATH_SEARCH_PATHS = "$(inherited) @executable_path/Frameworks @loader_path/Frameworks";
				PRODUCT_BUNDLE_IDENTIFIER = xx.sample2Tests;
				PRODUCT_NAME = "$(TARGET_NAME)";
				TEST_HOST = "$(BUILT_PRODUCTS_DIR)/sample2.app/sample2";
			};
			name = Debug;
		};
		04B7710E1DF97BB40008E536 /* Release */ = {
			isa = XCBuildConfiguration;
			buildSettings = {
				BUNDLE_LOADER = "$(TEST_HOST)";
				INFOPLIST_FILE = sample2Tests/Info.plist;
				LD_RUNPATH_SEARCH_PATHS = "$(inherited) @executable_path/Frameworks @loader_path/Frameworks";
				PRODUCT_BUNDLE_IDENTIFIER = xx.sample2Tests;
				PRODUCT_NAME = "$(TARGET_NAME)";
				TEST_HOST = "$(BUILT_PRODUCTS_DIR)/sample2.app/sample2";
			};
			name = Release;
		};
		04B771101DF97BB40008E536 /* Debug */ = {
			isa = XCBuildConfiguration;
			buildSettings = {
				INFOPLIST_FILE = sample2UITests/Info.plist;
				LD_RUNPATH_SEARCH_PATHS = "$(inherited) @executable_path/Frameworks @loader_path/Frameworks";
				PRODUCT_BUNDLE_IDENTIFIER = xx.sample2UITests;
				PRODUCT_NAME = "$(TARGET_NAME)";
				TEST_TARGET_NAME = sample2;
			};
			name = Debug;
		};
		04B771111DF97BB40008E536 /* Release */ = {
			isa = XCBuildConfiguration;
			buildSettings = {
				INFOPLIST_FILE = sample2UITests/Info.plist;
				LD_RUNPATH_SEARCH_PATHS = "$(inherited) @executable_path/Frameworks @loader_path/Frameworks";
				PRODUCT_BUNDLE_IDENTIFIER = xx.sample2UITests;
				PRODUCT_NAME = "$(TARGET_NAME)";
				TEST_TARGET_NAME = sample2;
			};
			name = Release;
		};
/* End XCBuildConfiguration section */

/* Begin XCConfigurationList section */
		04B770D41DF97BB40008E536 /* Build configuration list for PBXProject "sample2" */ = {
			isa = XCConfigurationList;
			buildConfigurations = (
				04B771071DF97BB40008E536 /* Debug */,
				04B771081DF97BB40008E536 /* Release */,
			);
			defaultConfigurationIsVisible = 0;
			defaultConfigurationName = Release;
		};
		04B771091DF97BB40008E536 /* Build configuration list for PBXNativeTarget "sample2" */ = {
			isa = XCConfigurationList;
			buildConfigurations = (
				04B7710A1DF97BB40008E536 /* Debug */,
				04B7710B1DF97BB40008E536 /* Release */,
			);
			defaultConfigurationIsVisible = 0;
		};
		04B7710C1DF97BB40008E536 /* Build configuration list for PBXNativeTarget "sample2Tests" */ = {
			isa = XCConfigurationList;
			buildConfigurations = (
				04B7710D1DF97BB40008E536 /* Debug */,
				04B7710E1DF97BB40008E536 /* Release */,
			);
			defaultConfigurationIsVisible = 0;
		};
		04B7710F1DF97BB40008E536 /* Build configuration list for PBXNativeTarget "sample2UITests" */ = {
			isa = XCConfigurationList;
			buildConfigurations = (
				04B771101DF97BB40008E536 /* Debug */,
				04B771111DF97BB40008E536 /* Release */,
			);
			defaultConfigurationIsVisible = 0;
		};
/* End XCConfigurationList section */

/* Begin XCVersionGroup section */
		04B770E81DF97BB40008E536 /* sample2.xcdatamodeld */ = {
			isa = XCVersionGroup;
			children = (
				04B770E91DF97BB40008E536 /* sample2.xcdatamodel */,
			);
			currentVersion = 04B770E91DF97BB40008E536 /* sample2.xcdatamodel */;
			path = sample2.xcdatamodeld;
			sourceTree = "<group>";
			versionGroupType = wrapper.xcdatamodel;
		};
/* End XCVersionGroup section */
	};
	rootObject = 04B770D11DF97BB40008E536 /* Project object */;
}
